// !$*UTF8*$!
{
	archiveVersion = 1;
	classes = {
	};
	objectVersion = 46;
	objects = {

/* Begin PBXBuildFile section */
		D990466C1E25C752003CD7A2 /* main.m in Sources */ = {isa = PBXBuildFile; fileRef = D990466B1E25C752003CD7A2 /* main.m */; };
		D990466F1E25C752003CD7A2 /* AppDelegate.m in Sources */ = {isa = PBXBuildFile; fileRef = D990466E1E25C752003CD7A2 /* AppDelegate.m */; };
		D99046721E25C752003CD7A2 /* ViewController.m in Sources */ = {isa = PBXBuildFile; fileRef = D99046711E25C752003CD7A2 /* ViewController.m */; };
		D99046751E25C752003CD7A2 /* Main.storyboard in Resources */ = {isa = PBXBuildFile; fileRef = D99046731E25C752003CD7A2 /* Main.storyboard */; };
		D99046771E25C752003CD7A2 /* Assets.xcassets in Resources */ = {isa = PBXBuildFile; fileRef = D99046761E25C752003CD7A2 /* Assets.xcassets */; };
		D990467A1E25C752003CD7A2 /* LaunchScreen.storyboard in Resources */ = {isa = PBXBuildFile; fileRef = D99046781E25C752003CD7A2 /* LaunchScreen.storyboard */; };
		D99046851E25C752003CD7A2 /* JPushTests.m in Sources */ = {isa = PBXBuildFile; fileRef = D99046841E25C752003CD7A2 /* JPushTests.m */; };
		D99046901E25C753003CD7A2 /* JPushUITests.m in Sources */ = {isa = PBXBuildFile; fileRef = D990468F1E25C753003CD7A2 /* JPushUITests.m */; };
/* End PBXBuildFile section */

/* Begin PBXContainerItemProxy section */
		D99046811E25C752003CD7A2 /* PBXContainerItemProxy */ = {
			isa = PBXContainerItemProxy;
			containerPortal = D990465F1E25C752003CD7A2 /* Project object */;
			proxyType = 1;
			remoteGlobalIDString = D99046661E25C752003CD7A2;
			remoteInfo = JPush;
		};
		D990468C1E25C753003CD7A2 /* PBXContainerItemProxy */ = {
			isa = PBXContainerItemProxy;
			containerPortal = D990465F1E25C752003CD7A2 /* Project object */;
			proxyType = 1;
			remoteGlobalIDString = D99046661E25C752003CD7A2;
			remoteInfo = JPush;
		};
/* End PBXContainerItemProxy section */

/* Begin PBXFileReference section */
		D99046671E25C752003CD7A2 /* JPush.app */ = {isa = PBXFileReference; explicitFileType = wrapper.application; includeInIndex = 0; path = JPush.app; sourceTree = BUILT_PRODUCTS_DIR; };
		D990466B1E25C752003CD7A2 /* main.m */ = {isa = PBXFileReference; lastKnownFileType = sourcecode.c.objc; path = main.m; sourceTree = "<group>"; };
		D990466D1E25C752003CD7A2 /* AppDelegate.h */ = {isa = PBXFileReference; lastKnownFileType = sourcecode.c.h; path = AppDelegate.h; sourceTree = "<group>"; };
		D990466E1E25C752003CD7A2 /* AppDelegate.m */ = {isa = PBXFileReference; lastKnownFileType = sourcecode.c.objc; path = AppDelegate.m; sourceTree = "<group>"; };
		D99046701E25C752003CD7A2 /* ViewController.h */ = {isa = PBXFileReference; lastKnownFileType = sourcecode.c.h; path = ViewController.h; sourceTree = "<group>"; };
		D99046711E25C752003CD7A2 /* ViewController.m */ = {isa = PBXFileReference; lastKnownFileType = sourcecode.c.objc; path = ViewController.m; sourceTree = "<group>"; };
		D99046741E25C752003CD7A2 /* Base */ = {isa = PBXFileReference; lastKnownFileType = file.storyboard; name = Base; path = Base.lproj/Main.storyboard; sourceTree = "<group>"; };
		D99046761E25C752003CD7A2 /* Assets.xcassets */ = {isa = PBXFileReference; lastKnownFileType = folder.assetcatalog; path = Assets.xcassets; sourceTree = "<group>"; };
		D99046791E25C752003CD7A2 /* Base */ = {isa = PBXFileReference; lastKnownFileType = file.storyboard; name = Base; path = Base.lproj/LaunchScreen.storyboard; sourceTree = "<group>"; };
		D990467B1E25C752003CD7A2 /* Info.plist */ = {isa = PBXFileReference; lastKnownFileType = text.plist.xml; path = Info.plist; sourceTree = "<group>"; };
		D99046801E25C752003CD7A2 /* JPushTests.xctest */ = {isa = PBXFileReference; explicitFileType = wrapper.cfbundle; includeInIndex = 0; path = JPushTests.xctest; sourceTree = BUILT_PRODUCTS_DIR; };
		D99046841E25C752003CD7A2 /* JPushTests.m */ = {isa = PBXFileReference; lastKnownFileType = sourcecode.c.objc; path = JPushTests.m; sourceTree = "<group>"; };
		D99046861E25C752003CD7A2 /* Info.plist */ = {isa = PBXFileReference; lastKnownFileType = text.plist.xml; path = Info.plist; sourceTree = "<group>"; };
		D990468B1E25C753003CD7A2 /* JPushUITests.xctest */ = {isa = PBXFileReference; explicitFileType = wrapper.cfbundle; includeInIndex = 0; path = JPushUITests.xctest; sourceTree = BUILT_PRODUCTS_DIR; };
		D990468F1E25C753003CD7A2 /* JPushUITests.m */ = {isa = PBXFileReference; lastKnownFileType = sourcecode.c.objc; path = JPushUITests.m; sourceTree = "<group>"; };
		D99046911E25C753003CD7A2 /* Info.plist */ = {isa = PBXFileReference; lastKnownFileType = text.plist.xml; path = Info.plist; sourceTree = "<group>"; };
/* End PBXFileReference section */

/* Begin PBXFrameworksBuildPhase section */
		D99046641E25C752003CD7A2 /* Frameworks */ = {
			isa = PBXFrameworksBuildPhase;
			buildActionMask = 2147483647;
			files = (
			);
			runOnlyForDeploymentPostprocessing = 0;
		};
		D990467D1E25C752003CD7A2 /* Frameworks */ = {
			isa = PBXFrameworksBuildPhase;
			buildActionMask = 2147483647;
			files = (
			);
			runOnlyForDeploymentPostprocessing = 0;
		};
		D99046881E25C753003CD7A2 /* Frameworks */ = {
			isa = PBXFrameworksBuildPhase;
			buildActionMask = 2147483647;
			files = (
			);
			runOnlyForDeploymentPostprocessing = 0;
		};
/* End PBXFrameworksBuildPhase section */

/* Begin PBXGroup section */
		D990465E1E25C752003CD7A2 = {
			isa = PBXGroup;
			children = (
				D99046691E25C752003CD7A2 /* JPush */,
				D99046831E25C752003CD7A2 /* JPushTests */,
				D990468E1E25C753003CD7A2 /* JPushUITests */,
				D99046681E25C752003CD7A2 /* Products */,
			);
			sourceTree = "<group>";
		};
		D99046681E25C752003CD7A2 /* Products */ = {
			isa = PBXGroup;
			children = (
				D99046671E25C752003CD7A2 /* JPush.app */,
				D99046801E25C752003CD7A2 /* JPushTests.xctest */,
				D990468B1E25C753003CD7A2 /* JPushUITests.xctest */,
			);
			name = Products;
			sourceTree = "<group>";
		};
		D99046691E25C752003CD7A2 /* JPush */ = {
			isa = PBXGroup;
			children = (
				D990466D1E25C752003CD7A2 /* AppDelegate.h */,
				D990466E1E25C752003CD7A2 /* AppDelegate.m */,
				D99046701E25C752003CD7A2 /* ViewController.h */,
				D99046711E25C752003CD7A2 /* ViewController.m */,
				D99046731E25C752003CD7A2 /* Main.storyboard */,
				D99046761E25C752003CD7A2 /* Assets.xcassets */,
				D99046781E25C752003CD7A2 /* LaunchScreen.storyboard */,
				D990467B1E25C752003CD7A2 /* Info.plist */,
				D990466A1E25C752003CD7A2 /* Supporting Files */,
			);
			path = JPush;
			sourceTree = "<group>";
		};
		D990466A1E25C752003CD7A2 /* Supporting Files */ = {
			isa = PBXGroup;
			children = (
				D990466B1E25C752003CD7A2 /* main.m */,
			);
			name = "Supporting Files";
			sourceTree = "<group>";
		};
		D99046831E25C752003CD7A2 /* JPushTests */ = {
			isa = PBXGroup;
			children = (
				D99046841E25C752003CD7A2 /* JPushTests.m */,
				D99046861E25C752003CD7A2 /* Info.plist */,
			);
			path = JPushTests;
			sourceTree = "<group>";
		};
		D990468E1E25C753003CD7A2 /* JPushUITests */ = {
			isa = PBXGroup;
			children = (
				D990468F1E25C753003CD7A2 /* JPushUITests.m */,
				D99046911E25C753003CD7A2 /* Info.plist */,
			);
			path = JPushUITests;
			sourceTree = "<group>";
		};
/* End PBXGroup section */

/* Begin PBXNativeTarget section */
		D99046661E25C752003CD7A2 /* JPush */ = {
			isa = PBXNativeTarget;
			buildConfigurationList = D99046941E25C753003CD7A2 /* Build configuration list for PBXNativeTarget "JPush" */;
			buildPhases = (
				D99046631E25C752003CD7A2 /* Sources */,
				D99046641E25C752003CD7A2 /* Frameworks */,
				D99046651E25C752003CD7A2 /* Resources */,
			);
			buildRules = (
			);
			dependencies = (
			);
			name = JPush;
			productName = JPush;
			productReference = D99046671E25C752003CD7A2 /* JPush.app */;
			productType = "com.apple.product-type.application";
		};
		D990467F1E25C752003CD7A2 /* JPushTests */ = {
			isa = PBXNativeTarget;
			buildConfigurationList = D99046971E25C753003CD7A2 /* Build configuration list for PBXNativeTarget "JPushTests" */;
			buildPhases = (
				D990467C1E25C752003CD7A2 /* Sources */,
				D990467D1E25C752003CD7A2 /* Frameworks */,
				D990467E1E25C752003CD7A2 /* Resources */,
			);
			buildRules = (
			);
			dependencies = (
				D99046821E25C752003CD7A2 /* PBXTargetDependency */,
			);
			name = JPushTests;
			productName = JPushTests;
			productReference = D99046801E25C752003CD7A2 /* JPushTests.xctest */;
			productType = "com.apple.product-type.bundle.unit-test";
		};
		D990468A1E25C753003CD7A2 /* JPushUITests */ = {
			isa = PBXNativeTarget;
			buildConfigurationList = D990469A1E25C753003CD7A2 /* Build configuration list for PBXNativeTarget "JPushUITests" */;
			buildPhases = (
				D99046871E25C753003CD7A2 /* Sources */,
				D99046881E25C753003CD7A2 /* Frameworks */,
				D99046891E25C753003CD7A2 /* Resources */,
			);
			buildRules = (
			);
			dependencies = (
				D990468D1E25C753003CD7A2 /* PBXTargetDependency */,
			);
			name = JPushUITests;
			productName = JPushUITests;
			productReference = D990468B1E25C753003CD7A2 /* JPushUITests.xctest */;
			productType = "com.apple.product-type.bundle.ui-testing";
		};
/* End PBXNativeTarget section */

/* Begin PBXProject section */
		D990465F1E25C752003CD7A2 /* Project object */ = {
			isa = PBXProject;
			attributes = {
				LastUpgradeCheck = 0820;
				ORGANIZATIONNAME = devdawei;
				TargetAttributes = {
					D99046661E25C752003CD7A2 = {
						CreatedOnToolsVersion = 8.2;
						ProvisioningStyle = Automatic;
					};
					D990467F1E25C752003CD7A2 = {
						CreatedOnToolsVersion = 8.2;
						ProvisioningStyle = Automatic;
						TestTargetID = D99046661E25C752003CD7A2;
					};
					D990468A1E25C753003CD7A2 = {
						CreatedOnToolsVersion = 8.2;
						ProvisioningStyle = Automatic;
						TestTargetID = D99046661E25C752003CD7A2;
					};
				};
			};
			buildConfigurationList = D99046621E25C752003CD7A2 /* Build configuration list for PBXProject "JPush" */;
			compatibilityVersion = "Xcode 3.2";
			developmentRegion = English;
			hasScannedForEncodings = 0;
			knownRegions = (
				en,
				Base,
			);
			mainGroup = D990465E1E25C752003CD7A2;
			productRefGroup = D99046681E25C752003CD7A2 /* Products */;
			projectDirPath = "";
			projectRoot = "";
			targets = (
				D99046661E25C752003CD7A2 /* JPush */,
				D990467F1E25C752003CD7A2 /* JPushTests */,
				D990468A1E25C753003CD7A2 /* JPushUITests */,
			);
		};
/* End PBXProject section */

/* Begin PBXResourcesBuildPhase section */
		D99046651E25C752003CD7A2 /* Resources */ = {
			isa = PBXResourcesBuildPhase;
			buildActionMask = 2147483647;
			files = (
				D990467A1E25C752003CD7A2 /* LaunchScreen.storyboard in Resources */,
				D99046771E25C752003CD7A2 /* Assets.xcassets in Resources */,
				D99046751E25C752003CD7A2 /* Main.storyboard in Resources */,
			);
			runOnlyForDeploymentPostprocessing = 0;
		};
		D990467E1E25C752003CD7A2 /* Resources */ = {
			isa = PBXResourcesBuildPhase;
			buildActionMask = 2147483647;
			files = (
			);
			runOnlyForDeploymentPostprocessing = 0;
		};
		D99046891E25C753003CD7A2 /* Resources */ = {
			isa = PBXResourcesBuildPhase;
			buildActionMask = 2147483647;
			files = (
			);
			runOnlyForDeploymentPostprocessing = 0;
		};
/* End PBXResourcesBuildPhase section */

/* Begin PBXSourcesBuildPhase section */
		D99046631E25C752003CD7A2 /* Sources */ = {
			isa = PBXSourcesBuildPhase;
			buildActionMask = 2147483647;
			files = (
				D99046721E25C752003CD7A2 /* ViewController.m in Sources */,
				D990466F1E25C752003CD7A2 /* AppDelegate.m in Sources */,
				D990466C1E25C752003CD7A2 /* main.m in Sources */,
			);
			runOnlyForDeploymentPostprocessing = 0;
		};
		D990467C1E25C752003CD7A2 /* Sources */ = {
			isa = PBXSourcesBuildPhase;
			buildActionMask = 2147483647;
			files = (
				D99046851E25C752003CD7A2 /* JPushTests.m in Sources */,
			);
			runOnlyForDeploymentPostprocessing = 0;
		};
		D99046871E25C753003CD7A2 /* Sources */ = {
			isa = PBXSourcesBuildPhase;
			buildActionMask = 2147483647;
			files = (
				D99046901E25C753003CD7A2 /* JPushUITests.m in Sources */,
			);
			runOnlyForDeploymentPostprocessing = 0;
		};
/* End PBXSourcesBuildPhase section */

/* Begin PBXTargetDependency section */
		D99046821E25C752003CD7A2 /* PBXTargetDependency */ = {
			isa = PBXTargetDependency;
			target = D99046661E25C752003CD7A2 /* JPush */;
			targetProxy = D99046811E25C752003CD7A2 /* PBXContainerItemProxy */;
		};
		D990468D1E25C753003CD7A2 /* PBXTargetDependency */ = {
			isa = PBXTargetDependency;
			target = D99046661E25C752003CD7A2 /* JPush */;
			targetProxy = D990468C1E25C753003CD7A2 /* PBXContainerItemProxy */;
		};
/* End PBXTargetDependency section */

/* Begin PBXVariantGroup section */
		D99046731E25C752003CD7A2 /* Main.storyboard */ = {
			isa = PBXVariantGroup;
			children = (
				D99046741E25C752003CD7A2 /* Base */,
			);
			name = Main.storyboard;
			sourceTree = "<group>";
		};
		D99046781E25C752003CD7A2 /* LaunchScreen.storyboard */ = {
			isa = PBXVariantGroup;
			children = (
				D99046791E25C752003CD7A2 /* Base */,
			);
			name = LaunchScreen.storyboard;
			sourceTree = "<group>";
		};
/* End PBXVariantGroup section */

/* Begin XCBuildConfiguration section */
		D99046921E25C753003CD7A2 /* Debug */ = {
			isa = XCBuildConfiguration;
			buildSettings = {
				ALWAYS_SEARCH_USER_PATHS = NO;
				CLANG_ANALYZER_NONNULL = YES;
				CLANG_CXX_LANGUAGE_STANDARD = "gnu++0x";
				CLANG_CXX_LIBRARY = "libc++";
				CLANG_ENABLE_MODULES = YES;
				CLANG_ENABLE_OBJC_ARC = YES;
				CLANG_WARN_BOOL_CONVERSION = YES;
				CLANG_WARN_CONSTANT_CONVERSION = YES;
				CLANG_WARN_DIRECT_OBJC_ISA_USAGE = YES_ERROR;
				CLANG_WARN_DOCUMENTATION_COMMENTS = YES;
				CLANG_WARN_EMPTY_BODY = YES;
				CLANG_WARN_ENUM_CONVERSION = YES;
				CLANG_WARN_INFINITE_RECURSION = YES;
				CLANG_WARN_INT_CONVERSION = YES;
				CLANG_WARN_OBJC_ROOT_CLASS = YES_ERROR;
				CLANG_WARN_SUSPICIOUS_MOVE = YES;
				CLANG_WARN_UNREACHABLE_CODE = YES;
				CLANG_WARN__DUPLICATE_METHOD_MATCH = YES;
				"CODE_SIGN_IDENTITY[sdk=iphoneos*]" = "iPhone Developer";
				COPY_PHASE_STRIP = NO;
				DEBUG_INFORMATION_FORMAT = dwarf;
				ENABLE_STRICT_OBJC_MSGSEND = YES;
				ENABLE_TESTABILITY = YES;
				GCC_C_LANGUAGE_STANDARD = gnu99;
				GCC_DYNAMIC_NO_PIC = NO;
				GCC_NO_COMMON_BLOCKS = YES;
				GCC_OPTIMIZATION_LEVEL = 0;
				GCC_PREPROCESSOR_DEFINITIONS = (
					"DEBUG=1",
					"$(inherited)",
				);
				GCC_WARN_64_TO_32_BIT_CONVERSION = YES;
				GCC_WARN_ABOUT_RETURN_TYPE = YES_ERROR;
				GCC_WARN_UNDECLARED_SELECTOR = YES;
				GCC_WARN_UNINITIALIZED_AUTOS = YES_AGGRESSIVE;
				GCC_WARN_UNUSED_FUNCTION = YES;
				GCC_WARN_UNUSED_VARIABLE = YES;
				IPHONEOS_DEPLOYMENT_TARGET = 10.2;
				MTL_ENABLE_DEBUG_INFO = YES;
				ONLY_ACTIVE_ARCH = YES;
				SDKROOT = iphoneos;
				TARGETED_DEVICE_FAMILY = "1,2";
			};
			name = Debug;
		};
		D99046931E25C753003CD7A2 /* Release */ = {
			isa = XCBuildConfiguration;
			buildSettings = {
				ALWAYS_SEARCH_USER_PATHS = NO;
				CLANG_ANALYZER_NONNULL = YES;
				CLANG_CXX_LANGUAGE_STANDARD = "gnu++0x";
				CLANG_CXX_LIBRARY = "libc++";
				CLANG_ENABLE_MODULES = YES;
				CLANG_ENABLE_OBJC_ARC = YES;
				CLANG_WARN_BOOL_CONVERSION = YES;
				CLANG_WARN_CONSTANT_CONVERSION = YES;
				CLANG_WARN_DIRECT_OBJC_ISA_USAGE = YES_ERROR;
				CLANG_WARN_DOCUMENTATION_COMMENTS = YES;
				CLANG_WARN_EMPTY_BODY = YES;
				CLANG_WARN_ENUM_CONVERSION = YES;
				CLANG_WARN_INFINITE_RECURSION = YES;
				CLANG_WARN_INT_CONVERSION = YES;
				CLANG_WARN_OBJC_ROOT_CLASS = YES_ERROR;
				CLANG_WARN_SUSPICIOUS_MOVE = YES;
				CLANG_WARN_UNREACHABLE_CODE = YES;
				CLANG_WARN__DUPLICATE_METHOD_MATCH = YES;
				"CODE_SIGN_IDENTITY[sdk=iphoneos*]" = "iPhone Developer";
				COPY_PHASE_STRIP = NO;
				DEBUG_INFORMATION_FORMAT = "dwarf-with-dsym";
				ENABLE_NS_ASSERTIONS = NO;
				ENABLE_STRICT_OBJC_MSGSEND = YES;
				GCC_C_LANGUAGE_STANDARD = gnu99;
				GCC_NO_COMMON_BLOCKS = YES;
				GCC_WARN_64_TO_32_BIT_CONVERSION = YES;
				GCC_WARN_ABOUT_RETURN_TYPE = YES_ERROR;
				GCC_WARN_UNDECLARED_SELECTOR = YES;
				GCC_WARN_UNINITIALIZED_AUTOS = YES_AGGRESSIVE;
				GCC_WARN_UNUSED_FUNCTION = YES;
				GCC_WARN_UNUSED_VARIABLE = YES;
				IPHONEOS_DEPLOYMENT_TARGET = 10.2;
				MTL_ENABLE_DEBUG_INFO = NO;
				SDKROOT = iphoneos;
				TARGETED_DEVICE_FAMILY = "1,2";
				VALIDATE_PRODUCT = YES;
			};
			name = Release;
		};
		D99046951E25C753003CD7A2 /* Debug */ = {
			isa = XCBuildConfiguration;
			buildSettings = {
				ASSETCATALOG_COMPILER_APPICON_NAME = AppIcon;
				INFOPLIST_FILE = JPush/Info.plist;
				LD_RUNPATH_SEARCH_PATHS = "$(inherited) @executable_path/Frameworks";
				PRODUCT_BUNDLE_IDENTIFIER = com.devdawei.JPush;
				PRODUCT_NAME = "$(TARGET_NAME)";
			};
			name = Debug;
		};
		D99046961E25C753003CD7A2 /* Release */ = {
			isa = XCBuildConfiguration;
			buildSettings = {
				ASSETCATALOG_COMPILER_APPICON_NAME = AppIcon;
				INFOPLIST_FILE = JPush/Info.plist;
				LD_RUNPATH_SEARCH_PATHS = "$(inherited) @executable_path/Frameworks";
				PRODUCT_BUNDLE_IDENTIFIER = com.devdawei.JPush;
				PRODUCT_NAME = "$(TARGET_NAME)";
			};
			name = Release;
		};
		D99046981E25C753003CD7A2 /* Debug */ = {
			isa = XCBuildConfiguration;
			buildSettings = {
				BUNDLE_LOADER = "$(TEST_HOST)";
				INFOPLIST_FILE = JPushTests/Info.plist;
				LD_RUNPATH_SEARCH_PATHS = "$(inherited) @executable_path/Frameworks @loader_path/Frameworks";
				PRODUCT_BUNDLE_IDENTIFIER = com.devdawei.JPushTests;
				PRODUCT_NAME = "$(TARGET_NAME)";
				TEST_HOST = "$(BUILT_PRODUCTS_DIR)/JPush.app/JPush";
			};
			name = Debug;
		};
		D99046991E25C753003CD7A2 /* Release */ = {
			isa = XCBuildConfiguration;
			buildSettings = {
				BUNDLE_LOADER = "$(TEST_HOST)";
				INFOPLIST_FILE = JPushTests/Info.plist;
				LD_RUNPATH_SEARCH_PATHS = "$(inherited) @executable_path/Frameworks @loader_path/Frameworks";
				PRODUCT_BUNDLE_IDENTIFIER = com.devdawei.JPushTests;
				PRODUCT_NAME = "$(TARGET_NAME)";
				TEST_HOST = "$(BUILT_PRODUCTS_DIR)/JPush.app/JPush";
			};
			name = Release;
		};
		D990469B1E25C753003CD7A2 /* Debug */ = {
			isa = XCBuildConfiguration;
			buildSettings = {
				INFOPLIST_FILE = JPushUITests/Info.plist;
				LD_RUNPATH_SEARCH_PATHS = "$(inherited) @executable_path/Frameworks @loader_path/Frameworks";
				PRODUCT_BUNDLE_IDENTIFIER = com.devdawei.JPushUITests;
				PRODUCT_NAME = "$(TARGET_NAME)";
				TEST_TARGET_NAME = JPush;
			};
			name = Debug;
		};
		D990469C1E25C753003CD7A2 /* Release */ = {
			isa = XCBuildConfiguration;
			buildSettings = {
				INFOPLIST_FILE = JPushUITests/Info.plist;
				LD_RUNPATH_SEARCH_PATHS = "$(inherited) @executable_path/Frameworks @loader_path/Frameworks";
				PRODUCT_BUNDLE_IDENTIFIER = com.devdawei.JPushUITests;
				PRODUCT_NAME = "$(TARGET_NAME)";
				TEST_TARGET_NAME = JPush;
			};
			name = Release;
		};
/* End XCBuildConfiguration section */

/* Begin XCConfigurationList section */
		D99046621E25C752003CD7A2 /* Build configuration list for PBXProject "JPush" */ = {
			isa = XCConfigurationList;
			buildConfigurations = (
				D99046921E25C753003CD7A2 /* Debug */,
				D99046931E25C753003CD7A2 /* Release */,
			);
			defaultConfigurationIsVisible = 0;
			defaultConfigurationName = Release;
		};
		D99046941E25C753003CD7A2 /* Build configuration list for PBXNativeTarget "JPush" */ = {
			isa = XCConfigurationList;
			buildConfigurations = (
				D99046951E25C753003CD7A2 /* Debug */,
				D99046961E25C753003CD7A2 /* Release */,
			);
			defaultConfigurationIsVisible = 0;
		};
		D99046971E25C753003CD7A2 /* Build configuration list for PBXNativeTarget "JPushTests" */ = {
			isa = XCConfigurationList;
			buildConfigurations = (
				D99046981E25C753003CD7A2 /* Debug */,
				D99046991E25C753003CD7A2 /* Release */,
			);
			defaultConfigurationIsVisible = 0;
		};
		D990469A1E25C753003CD7A2 /* Build configuration list for PBXNativeTarget "JPushUITests" */ = {
			isa = XCConfigurationList;
			buildConfigurations = (
				D990469B1E25C753003CD7A2 /* Debug */,
				D990469C1E25C753003CD7A2 /* Release */,
			);
			defaultConfigurationIsVisible = 0;
		};
/* End XCConfigurationList section */
	};
	rootObject = D990465F1E25C752003CD7A2 /* Project object */;
}
